
Microsoft Visual Studio Solution File, Format Version 12.00
# Visual Studio Version 17
VisualStudioVersion = 17.8.34330.188
MinimumVisualStudioVersion = 10.0.40219.1
Project("{FAE04EC0-301F-11D3-BF4B-00C04F79EFBC}") = "CreationalDesignPatterns", "CreationalDesignPatterns\CreationalDesignPatterns.csproj", "{4F8BD5DE-5A45-4A0E-B9FE-B6216F71EE23}"
EndProject
Project("{FAE04EC0-301F-11D3-BF4B-00C04F79EFBC}") = "StructuralDesignPatterns", "StructuralDesignPatterns\StructuralDesignPatterns.csproj", "{87FB57DE-305C-4451-B189-114528DD02E2}"
EndProject
Global
	GlobalSection(SolutionConfigurationPlatforms) = preSolution
		Debug|Any CPU = Debug|Any CPU
		Release|Any CPU = Release|Any CPU
	EndGlobalSection
	GlobalSection(ProjectConfigurationPlatforms) = postSolution
		{4F8BD5DE-5A45-4A0E-B9FE-B6216F71EE23}.Debug|Any CPU.ActiveCfg = Debug|Any CPU
		{4F8BD5DE-5A45-4A0E-B9FE-B6216F71EE23}.Debug|Any CPU.Build.0 = Debug|Any CPU
		{4F8BD5DE-5A45-4A0E-B9FE-B6216F71EE23}.Release|Any CPU.ActiveCfg = Release|Any CPU
		{4F8BD5DE-5A45-4A0E-B9FE-B6216F71EE23}.Release|Any CPU.Build.0 = Release|Any CPU
		{87FB57DE-305C-4451-B189-114528DD02E2}.Debug|Any CPU.ActiveCfg = Debug|Any CPU
		{87FB57DE-305C-4451-B189-114528DD02E2}.Debug|Any CPU.Build.0 = Debug|Any CPU
		{87FB57DE-305C-4451-B189-114528DD02E2}.Release|Any CPU.ActiveCfg = Release|Any CPU
		{87FB57DE-305C-4451-B189-114528DD02E2}.Release|Any CPU.Build.0 = Release|Any CPU
	EndGlobalSection
	GlobalSection(SolutionProperties) = preSolution
		HideSolutionNode = FALSE
	EndGlobalSection
	GlobalSection(ExtensibilityGlobals) = postSolution
		SolutionGuid = {734AD83B-81D0-4591-A451-C67515DBF399}
	EndGlobalSection
EndGlobal
